
Microsoft Visual Studio Solution File, Format Version 12.00
# Visual Studio 15
VisualStudioVersion = 15.0.28307.645
MinimumVisualStudioVersion = 10.0.40219.1
Project("{FAE04EC0-301F-11D3-BF4B-00C04F79EFBC}") = "NeuralNetwork", "NeuralNetwork\NeuralNetwork.csproj", "{694D3DB4-32BA-4DEE-A04F-67EC1A83F1D9}"
EndProject
Global
	GlobalSection(SolutionConfigurationPlatforms) = preSolution
		Debug|Any CPU = Debug|Any CPU
		Release|Any CPU = Release|Any CPU
	EndGlobalSection
	GlobalSection(ProjectConfigurationPlatforms) = postSolution
		{694D3DB4-32BA-4DEE-A04F-67EC1A83F1D9}.Debug|Any CPU.ActiveCfg = Debug|Any CPU
		{694D3DB4-32BA-4DEE-A04F-67EC1A83F1D9}.Debug|Any CPU.Build.0 = Debug|Any CPU
		{694D3DB4-32BA-4DEE-A04F-67EC1A83F1D9}.Release|Any CPU.ActiveCfg = Release|Any CPU
		{694D3DB4-32BA-4DEE-A04F-67EC1A83F1D9}.Release|Any CPU.Build.0 = Release|Any CPU
	EndGlobalSection
	GlobalSection(SolutionProperties) = preSolution
		HideSolutionNode = FALSE
	EndGlobalSection
	GlobalSection(ExtensibilityGlobals) = postSolution
		SolutionGuid = {863D1B5C-4B38-40DE-8E0E-B68B68255DE1}
	EndGlobalSection
EndGlobal
